
Microsoft Visual Studio Solution File, Format Version 12.00
# Visual Studio Version 17
VisualStudioVersion = 17.9.34728.123
MinimumVisualStudioVersion = 10.0.40219.1
Project("{8BC9CEB8-8B4A-11D0-8D11-00A0C91BC942}") = "Stock_Simulator_cpp", "Stock_Simulator_cpp.vcxproj", "{C555E421-3ED6-450D-86C2-2B620F8CF6A6}"
EndProject
Global
	GlobalSection(SolutionConfigurationPlatforms) = preSolution
		Debug|x64 = Debug|x64
		Debug|x86 = Debug|x86
		Release|x64 = Release|x64
		Release|x86 = Release|x86
	EndGlobalSection
	GlobalSection(ProjectConfigurationPlatforms) = postSolution
		{C555E421-3ED6-450D-86C2-2B620F8CF6A6}.Debug|x64.ActiveCfg = Debug|x64
		{C555E421-3ED6-450D-86C2-2B620F8CF6A6}.Debug|x64.Build.0 = Debug|x64
		{C555E421-3ED6-450D-86C2-2B620F8CF6A6}.Debug|x86.ActiveCfg = Debug|Win32
		{C555E421-3ED6-450D-86C2-2B620F8CF6A6}.Debug|x86.Build.0 = Debug|Win32
		{C555E421-3ED6-450D-86C2-2B620F8CF6A6}.Release|x64.ActiveCfg = Release|x64
		{C555E421-3ED6-450D-86C2-2B620F8CF6A6}.Release|x64.Build.0 = Release|x64
		{C555E421-3ED6-450D-86C2-2B620F8CF6A6}.Release|x86.ActiveCfg = Release|Win32
		{C555E421-3ED6-450D-86C2-2B620F8CF6A6}.Release|x86.Build.0 = Release|Win32
	EndGlobalSection
	GlobalSection(SolutionProperties) = preSolution
		HideSolutionNode = FALSE
	EndGlobalSection
	GlobalSection(ExtensibilityGlobals) = postSolution
		SolutionGuid = {F4221CD9-704C-45F5-99DC-DBD9EF59DB09}
	EndGlobalSection
EndGlobal
